// !$*UTF8*$!
{
	archiveVersion = 1;
	classes = {
	};
	objectVersion = 56;
	objects = {

/* Begin PBXBuildFile section */
		0D1B3CD72A7A020700152ADE /* AppDelegate.swift in Sources */ = {isa = PBXBuildFile; fileRef = 0D1B3CD62A7A020700152ADE /* AppDelegate.swift */; };
		0D1B3CDB2A7A020700152ADE /* ViewController.swift in Sources */ = {isa = PBXBuildFile; fileRef = 0D1B3CDA2A7A020700152ADE /* ViewController.swift */; };
		0D1B3CE02A7A020800152ADE /* Assets.xcassets in Resources */ = {isa = PBXBuildFile; fileRef = 0D1B3CDF2A7A020800152ADE /* Assets.xcassets */; };
		0D1B3CE32A7A020800152ADE /* LaunchScreen.storyboard in Resources */ = {isa = PBXBuildFile; fileRef = 0D1B3CE12A7A020800152ADE /* LaunchScreen.storyboard */; };
		0D1B3CEE2A7A058500152ADE /* Coordinator.swift in Sources */ = {isa = PBXBuildFile; fileRef = 0D1B3CED2A7A058500152ADE /* Coordinator.swift */; };
		0D1B3CF02A7A05BE00152ADE /* ApplicationCoordinator.swift in Sources */ = {isa = PBXBuildFile; fileRef = 0D1B3CEF2A7A05BE00152ADE /* ApplicationCoordinator.swift */; };
		0D1B3CF32A7A06A600152ADE /* HomeCoordinator.swift in Sources */ = {isa = PBXBuildFile; fileRef = 0D1B3CF22A7A06A600152ADE /* HomeCoordinator.swift */; };
		0D1B3CF92A7A071D00152ADE /* HomeViewController.swift in Sources */ = {isa = PBXBuildFile; fileRef = 0D1B3CF82A7A071D00152ADE /* HomeViewController.swift */; };
		0D1B3CFB2A7A076C00152ADE /* BaseViewController.swift in Sources */ = {isa = PBXBuildFile; fileRef = 0D1B3CFA2A7A076C00152ADE /* BaseViewController.swift */; };
		0D1B3CFE2A7A1D5D00152ADE /* SearchField.swift in Sources */ = {isa = PBXBuildFile; fileRef = 0D1B3CFD2A7A1D5D00152ADE /* SearchField.swift */; };
		0D1B3D012A7AAEEE00152ADE /* Extensions.swift in Sources */ = {isa = PBXBuildFile; fileRef = 0D1B3D002A7AAEEE00152ADE /* Extensions.swift */; };
		0D1B3D032A7AAF9700152ADE /* HomeViewControllerCollectionDelegate.swift in Sources */ = {isa = PBXBuildFile; fileRef = 0D1B3D022A7AAF9700152ADE /* HomeViewControllerCollectionDelegate.swift */; };
		0D1B3D0C2A7AAFD800152ADE /* RegionsInfoResponseModel.swift in Sources */ = {isa = PBXBuildFile; fileRef = 0D1B3D062A7AAFD700152ADE /* RegionsInfoResponseModel.swift */; };
		0D1B3D0D2A7AAFD800152ADE /* PokemonResponse.swift in Sources */ = {isa = PBXBuildFile; fileRef = 0D1B3D072A7AAFD800152ADE /* PokemonResponse.swift */; };
		0D1B3D0E2A7AAFD800152ADE /* RegionsResponseModel.swift in Sources */ = {isa = PBXBuildFile; fileRef = 0D1B3D082A7AAFD800152ADE /* RegionsResponseModel.swift */; };
		0D1B3D0F2A7AAFD800152ADE /* HabitatResponseModel.swift in Sources */ = {isa = PBXBuildFile; fileRef = 0D1B3D092A7AAFD800152ADE /* HabitatResponseModel.swift */; };
		0D1B3D102A7AAFD800152ADE /* PokedexResponseModel.swift in Sources */ = {isa = PBXBuildFile; fileRef = 0D1B3D0A2A7AAFD800152ADE /* PokedexResponseModel.swift */; };
		0D1B3D112A7AAFD800152ADE /* PokemonDetailResponseModel.swift in Sources */ = {isa = PBXBuildFile; fileRef = 0D1B3D0B2A7AAFD800152ADE /* PokemonDetailResponseModel.swift */; };
		0D1B3D132A7AB02E00152ADE /* HomeViewControllerCollectionDataSource.swift in Sources */ = {isa = PBXBuildFile; fileRef = 0D1B3D122A7AB02E00152ADE /* HomeViewControllerCollectionDataSource.swift */; };
		0D1B3D192A7AB0C400152ADE /* PokemonsCollectionViewCell.xib in Resources */ = {isa = PBXBuildFile; fileRef = 0D1B3D182A7AB0C400152ADE /* PokemonsCollectionViewCell.xib */; };
		0D1B3D1B2A7AB12A00152ADE /* PokemonsCollectionViewCell.swift in Sources */ = {isa = PBXBuildFile; fileRef = 0D1B3D1A2A7AB12A00152ADE /* PokemonsCollectionViewCell.swift */; };
		0D1B3D1D2A7AC5E000152ADE /* UIViewController+keyboardHandling.swift in Sources */ = {isa = PBXBuildFile; fileRef = 0D1B3D1C2A7AC5E000152ADE /* UIViewController+keyboardHandling.swift */; };
		0D1B3D1F2A7ADDD100152ADE /* NavigationHomeBar.swift in Sources */ = {isa = PBXBuildFile; fileRef = 0D1B3D1E2A7ADDD100152ADE /* NavigationHomeBar.swift */; };
		0D1B3D222A7AE11F00152ADE /* DetailViewController.swift in Sources */ = {isa = PBXBuildFile; fileRef = 0D1B3D212A7AE11F00152ADE /* DetailViewController.swift */; };
		0D82403E2A7AE79B003A18A8 /* InfoView.swift in Sources */ = {isa = PBXBuildFile; fileRef = 0D82403D2A7AE79B003A18A8 /* InfoView.swift */; };
		0D8240402A7AEAC2003A18A8 /* HomeViewControllerDelegate.swift in Sources */ = {isa = PBXBuildFile; fileRef = 0D82403F2A7AEAC2003A18A8 /* HomeViewControllerDelegate.swift */; };
		0D8240422A7AEE9F003A18A8 /* DetailViewControllerDelegate.swift in Sources */ = {isa = PBXBuildFile; fileRef = 0D8240412A7AEE9F003A18A8 /* DetailViewControllerDelegate.swift */; };
		0D8240442A7AF56B003A18A8 /* NavigationDetailBar.swift in Sources */ = {isa = PBXBuildFile; fileRef = 0D8240432A7AF56B003A18A8 /* NavigationDetailBar.swift */; };
		0D8240462A7B6153003A18A8 /* StatisticsView.swift in Sources */ = {isa = PBXBuildFile; fileRef = 0D8240452A7B6153003A18A8 /* StatisticsView.swift */; };
		0D8240482A7B643C003A18A8 /* ProgressBarView.swift in Sources */ = {isa = PBXBuildFile; fileRef = 0D8240472A7B643C003A18A8 /* ProgressBarView.swift */; };
		0D82404B2A7B7007003A18A8 /* TestView.xib in Resources */ = {isa = PBXBuildFile; fileRef = 0D82404A2A7B7007003A18A8 /* TestView.xib */; };
		0D82404D2A7B74F8003A18A8 /* Colors.xcassets in Resources */ = {isa = PBXBuildFile; fileRef = 0D82404C2A7B74F8003A18A8 /* Colors.xcassets */; };
		2A7CA09977DC00601854C054 /* Pods_PokedexApp.framework in Frameworks */ = {isa = PBXBuildFile; fileRef = C594A3E20D5CC2930BFE9150 /* Pods_PokedexApp.framework */; };
/* End PBXBuildFile section */

/* Begin PBXFileReference section */
		0D1B3CD32A7A020700152ADE /* PokedexApp.app */ = {isa = PBXFileReference; explicitFileType = wrapper.application; includeInIndex = 0; path = PokedexApp.app; sourceTree = BUILT_PRODUCTS_DIR; };
		0D1B3CD62A7A020700152ADE /* AppDelegate.swift */ = {isa = PBXFileReference; lastKnownFileType = sourcecode.swift; path = AppDelegate.swift; sourceTree = "<group>"; };
		0D1B3CDA2A7A020700152ADE /* ViewController.swift */ = {isa = PBXFileReference; lastKnownFileType = sourcecode.swift; path = ViewController.swift; sourceTree = "<group>"; };
		0D1B3CDF2A7A020800152ADE /* Assets.xcassets */ = {isa = PBXFileReference; lastKnownFileType = folder.assetcatalog; path = Assets.xcassets; sourceTree = "<group>"; };
		0D1B3CE22A7A020800152ADE /* Base */ = {isa = PBXFileReference; lastKnownFileType = file.storyboard; name = Base; path = Base.lproj/LaunchScreen.storyboard; sourceTree = "<group>"; };
		0D1B3CE42A7A020800152ADE /* Info.plist */ = {isa = PBXFileReference; lastKnownFileType = text.plist.xml; path = Info.plist; sourceTree = "<group>"; };
		0D1B3CED2A7A058500152ADE /* Coordinator.swift */ = {isa = PBXFileReference; lastKnownFileType = sourcecode.swift; path = Coordinator.swift; sourceTree = "<group>"; };
		0D1B3CEF2A7A05BE00152ADE /* ApplicationCoordinator.swift */ = {isa = PBXFileReference; lastKnownFileType = sourcecode.swift; path = ApplicationCoordinator.swift; sourceTree = "<group>"; };
		0D1B3CF22A7A06A600152ADE /* HomeCoordinator.swift */ = {isa = PBXFileReference; lastKnownFileType = sourcecode.swift; path = HomeCoordinator.swift; sourceTree = "<group>"; };
		0D1B3CF82A7A071D00152ADE /* HomeViewController.swift */ = {isa = PBXFileReference; lastKnownFileType = sourcecode.swift; path = HomeViewController.swift; sourceTree = "<group>"; };
		0D1B3CFA2A7A076C00152ADE /* BaseViewController.swift */ = {isa = PBXFileReference; lastKnownFileType = sourcecode.swift; path = BaseViewController.swift; sourceTree = "<group>"; };
		0D1B3CFD2A7A1D5D00152ADE /* SearchField.swift */ = {isa = PBXFileReference; lastKnownFileType = sourcecode.swift; path = SearchField.swift; sourceTree = "<group>"; };
		0D1B3D002A7AAEEE00152ADE /* Extensions.swift */ = {isa = PBXFileReference; lastKnownFileType = sourcecode.swift; path = Extensions.swift; sourceTree = "<group>"; };
		0D1B3D022A7AAF9700152ADE /* HomeViewControllerCollectionDelegate.swift */ = {isa = PBXFileReference; lastKnownFileType = sourcecode.swift; path = HomeViewControllerCollectionDelegate.swift; sourceTree = "<group>"; };
		0D1B3D062A7AAFD700152ADE /* RegionsInfoResponseModel.swift */ = {isa = PBXFileReference; fileEncoding = 4; lastKnownFileType = sourcecode.swift; path = RegionsInfoResponseModel.swift; sourceTree = "<group>"; };
		0D1B3D072A7AAFD800152ADE /* PokemonResponse.swift */ = {isa = PBXFileReference; fileEncoding = 4; lastKnownFileType = sourcecode.swift; path = PokemonResponse.swift; sourceTree = "<group>"; };
		0D1B3D082A7AAFD800152ADE /* RegionsResponseModel.swift */ = {isa = PBXFileReference; fileEncoding = 4; lastKnownFileType = sourcecode.swift; path = RegionsResponseModel.swift; sourceTree = "<group>"; };
		0D1B3D092A7AAFD800152ADE /* HabitatResponseModel.swift */ = {isa = PBXFileReference; fileEncoding = 4; lastKnownFileType = sourcecode.swift; path = HabitatResponseModel.swift; sourceTree = "<group>"; };
		0D1B3D0A2A7AAFD800152ADE /* PokedexResponseModel.swift */ = {isa = PBXFileReference; fileEncoding = 4; lastKnownFileType = sourcecode.swift; path = PokedexResponseModel.swift; sourceTree = "<group>"; };
		0D1B3D0B2A7AAFD800152ADE /* PokemonDetailResponseModel.swift */ = {isa = PBXFileReference; fileEncoding = 4; lastKnownFileType = sourcecode.swift; path = PokemonDetailResponseModel.swift; sourceTree = "<group>"; };
		0D1B3D122A7AB02E00152ADE /* HomeViewControllerCollectionDataSource.swift */ = {isa = PBXFileReference; lastKnownFileType = sourcecode.swift; path = HomeViewControllerCollectionDataSource.swift; sourceTree = "<group>"; };
		0D1B3D182A7AB0C400152ADE /* PokemonsCollectionViewCell.xib */ = {isa = PBXFileReference; lastKnownFileType = file.xib; path = PokemonsCollectionViewCell.xib; sourceTree = "<group>"; };
		0D1B3D1A2A7AB12A00152ADE /* PokemonsCollectionViewCell.swift */ = {isa = PBXFileReference; lastKnownFileType = sourcecode.swift; path = PokemonsCollectionViewCell.swift; sourceTree = "<group>"; };
		0D1B3D1C2A7AC5E000152ADE /* UIViewController+keyboardHandling.swift */ = {isa = PBXFileReference; lastKnownFileType = sourcecode.swift; path = "UIViewController+keyboardHandling.swift"; sourceTree = "<group>"; };
		0D1B3D1E2A7ADDD100152ADE /* NavigationHomeBar.swift */ = {isa = PBXFileReference; lastKnownFileType = sourcecode.swift; path = NavigationHomeBar.swift; sourceTree = "<group>"; };
		0D1B3D212A7AE11F00152ADE /* DetailViewController.swift */ = {isa = PBXFileReference; lastKnownFileType = sourcecode.swift; path = DetailViewController.swift; sourceTree = "<group>"; };
		0D82403D2A7AE79B003A18A8 /* InfoView.swift */ = {isa = PBXFileReference; lastKnownFileType = sourcecode.swift; path = InfoView.swift; sourceTree = "<group>"; };
		0D82403F2A7AEAC2003A18A8 /* HomeViewControllerDelegate.swift */ = {isa = PBXFileReference; lastKnownFileType = sourcecode.swift; path = HomeViewControllerDelegate.swift; sourceTree = "<group>"; };
		0D8240412A7AEE9F003A18A8 /* DetailViewControllerDelegate.swift */ = {isa = PBXFileReference; lastKnownFileType = sourcecode.swift; path = DetailViewControllerDelegate.swift; sourceTree = "<group>"; };
		0D8240432A7AF56B003A18A8 /* NavigationDetailBar.swift */ = {isa = PBXFileReference; lastKnownFileType = sourcecode.swift; path = NavigationDetailBar.swift; sourceTree = "<group>"; };
		0D8240452A7B6153003A18A8 /* StatisticsView.swift */ = {isa = PBXFileReference; lastKnownFileType = sourcecode.swift; path = StatisticsView.swift; sourceTree = "<group>"; };
		0D8240472A7B643C003A18A8 /* ProgressBarView.swift */ = {isa = PBXFileReference; lastKnownFileType = sourcecode.swift; path = ProgressBarView.swift; sourceTree = "<group>"; };
		0D82404A2A7B7007003A18A8 /* TestView.xib */ = {isa = PBXFileReference; lastKnownFileType = file.xib; path = TestView.xib; sourceTree = "<group>"; };
		0D82404C2A7B74F8003A18A8 /* Colors.xcassets */ = {isa = PBXFileReference; lastKnownFileType = folder.assetcatalog; path = Colors.xcassets; sourceTree = "<group>"; };
		34A96FC96FA9500137D59F4F /* Pods-PokedexApp.release.xcconfig */ = {isa = PBXFileReference; includeInIndex = 1; lastKnownFileType = text.xcconfig; name = "Pods-PokedexApp.release.xcconfig"; path = "Target Support Files/Pods-PokedexApp/Pods-PokedexApp.release.xcconfig"; sourceTree = "<group>"; };
		AEA3A7391B474845EBFAD912 /* Pods-PokedexApp.debug.xcconfig */ = {isa = PBXFileReference; includeInIndex = 1; lastKnownFileType = text.xcconfig; name = "Pods-PokedexApp.debug.xcconfig"; path = "Target Support Files/Pods-PokedexApp/Pods-PokedexApp.debug.xcconfig"; sourceTree = "<group>"; };
		C594A3E20D5CC2930BFE9150 /* Pods_PokedexApp.framework */ = {isa = PBXFileReference; explicitFileType = wrapper.framework; includeInIndex = 0; path = Pods_PokedexApp.framework; sourceTree = BUILT_PRODUCTS_DIR; };
/* End PBXFileReference section */

/* Begin PBXFrameworksBuildPhase section */
		0D1B3CD02A7A020700152ADE /* Frameworks */ = {
			isa = PBXFrameworksBuildPhase;
			buildActionMask = 2147483647;
			files = (
				2A7CA09977DC00601854C054 /* Pods_PokedexApp.framework in Frameworks */,
			);
			runOnlyForDeploymentPostprocessing = 0;
		};
/* End PBXFrameworksBuildPhase section */

/* Begin PBXGroup section */
		0D1B3CCA2A7A020700152ADE = {
			isa = PBXGroup;
			children = (
				0D1B3CD52A7A020700152ADE /* PokedexApp */,
				0D1B3CD42A7A020700152ADE /* Products */,
				6DD5510EA361F5B20A4562A4 /* Pods */,
				AEF2E92890CC638B44A37D24 /* Frameworks */,
			);
			sourceTree = "<group>";
		};
		0D1B3CD42A7A020700152ADE /* Products */ = {
			isa = PBXGroup;
			children = (
				0D1B3CD32A7A020700152ADE /* PokedexApp.app */,
			);
			name = Products;
			sourceTree = "<group>";
		};
		0D1B3CD52A7A020700152ADE /* PokedexApp */ = {
			isa = PBXGroup;
			children = (
				0D1B3D042A7AAFB900152ADE /* Models */,
				0D1B3CFC2A7A1D4600152ADE /* Views */,
				0D1B3CD62A7A020700152ADE /* AppDelegate.swift */,
				0D1B3CDA2A7A020700152ADE /* ViewController.swift */,
				0D1B3CE12A7A020800152ADE /* LaunchScreen.storyboard */,
				0D1B3CE42A7A020800152ADE /* Info.plist */,
				0D1B3CF12A7A060400152ADE /* Resources */,
				0D1B3CEC2A7A056E00152ADE /* Library */,
				0D1B3CEA2A7A053C00152ADE /* Navigation */,
				0D1B3CF42A7A06CB00152ADE /* ViewController */,
			);
			path = PokedexApp;
			sourceTree = "<group>";
		};
		0D1B3CEA2A7A053C00152ADE /* Navigation */ = {
			isa = PBXGroup;
			children = (
				0D1B3CEF2A7A05BE00152ADE /* ApplicationCoordinator.swift */,
				0D1B3CF22A7A06A600152ADE /* HomeCoordinator.swift */,
			);
			path = Navigation;
			sourceTree = "<group>";
		};
		0D1B3CEB2A7A056000152ADE /* Utils */ = {
			isa = PBXGroup;
			children = (
				0D1B3CFF2A7AAEDE00152ADE /* Extensions */,
				0D1B3CED2A7A058500152ADE /* Coordinator.swift */,
			);
			path = Utils;
			sourceTree = "<group>";
		};
		0D1B3CEC2A7A056E00152ADE /* Library */ = {
			isa = PBXGroup;
			children = (
				0D1B3CEB2A7A056000152ADE /* Utils */,
			);
			path = Library;
			sourceTree = "<group>";
		};
		0D1B3CF12A7A060400152ADE /* Resources */ = {
			isa = PBXGroup;
			children = (
				0D1B3CDF2A7A020800152ADE /* Assets.xcassets */,
				0D82404C2A7B74F8003A18A8 /* Colors.xcassets */,
			);
			path = Resources;
			sourceTree = "<group>";
		};
		0D1B3CF42A7A06CB00152ADE /* ViewController */ = {
			isa = PBXGroup;
			children = (
				0D1B3D202A7AE0D700152ADE /* Detail */,
				0D1B3CF72A7A071100152ADE /* Home */,
				0D1B3CFA2A7A076C00152ADE /* BaseViewController.swift */,
			);
			path = ViewController;
			sourceTree = "<group>";
		};
		0D1B3CF72A7A071100152ADE /* Home */ = {
			isa = PBXGroup;
			children = (
				0D1B3CF82A7A071D00152ADE /* HomeViewController.swift */,
				0D1B3D022A7AAF9700152ADE /* HomeViewControllerCollectionDelegate.swift */,
				0D1B3D122A7AB02E00152ADE /* HomeViewControllerCollectionDataSource.swift */,
				0D82403F2A7AEAC2003A18A8 /* HomeViewControllerDelegate.swift */,
			);
			path = Home;
			sourceTree = "<group>";
		};
		0D1B3CFC2A7A1D4600152ADE /* Views */ = {
			isa = PBXGroup;
			children = (
				0D1B3D142A7AB05F00152ADE /* Cells */,
				0D82403D2A7AE79B003A18A8 /* InfoView.swift */,
				0D1B3CFD2A7A1D5D00152ADE /* SearchField.swift */,
				0D1B3D1E2A7ADDD100152ADE /* NavigationHomeBar.swift */,
				0D8240432A7AF56B003A18A8 /* NavigationDetailBar.swift */,
				0D8240452A7B6153003A18A8 /* StatisticsView.swift */,
				0D8240472A7B643C003A18A8 /* ProgressBarView.swift */,
			);
			path = Views;
			sourceTree = "<group>";
		};
		0D1B3CFF2A7AAEDE00152ADE /* Extensions */ = {
			isa = PBXGroup;
			children = (
				0D1B3D002A7AAEEE00152ADE /* Extensions.swift */,
				0D1B3D1C2A7AC5E000152ADE /* UIViewController+keyboardHandling.swift */,
			);
			path = Extensions;
			sourceTree = "<group>";
		};
		0D1B3D042A7AAFB900152ADE /* Models */ = {
			isa = PBXGroup;
			children = (
				0D1B3D052A7AAFBF00152ADE /* Response */,
			);
			path = Models;
			sourceTree = "<group>";
		};
		0D1B3D052A7AAFBF00152ADE /* Response */ = {
			isa = PBXGroup;
			children = (
				0D1B3D092A7AAFD800152ADE /* HabitatResponseModel.swift */,
				0D1B3D0A2A7AAFD800152ADE /* PokedexResponseModel.swift */,
				0D1B3D0B2A7AAFD800152ADE /* PokemonDetailResponseModel.swift */,
				0D1B3D072A7AAFD800152ADE /* PokemonResponse.swift */,
				0D1B3D062A7AAFD700152ADE /* RegionsInfoResponseModel.swift */,
				0D1B3D082A7AAFD800152ADE /* RegionsResponseModel.swift */,
			);
			path = Response;
			sourceTree = "<group>";
		};
		0D1B3D142A7AB05F00152ADE /* Cells */ = {
			isa = PBXGroup;
			children = (
				0D8240492A7B6FFD003A18A8 /* Test */,
				0D1B3D172A7AB09100152ADE /* PokemonsCollectionViewCell */,
			);
			path = Cells;
			sourceTree = "<group>";
		};
		0D1B3D172A7AB09100152ADE /* PokemonsCollectionViewCell */ = {
			isa = PBXGroup;
			children = (
				0D1B3D182A7AB0C400152ADE /* PokemonsCollectionViewCell.xib */,
				0D1B3D1A2A7AB12A00152ADE /* PokemonsCollectionViewCell.swift */,
			);
			path = PokemonsCollectionViewCell;
			sourceTree = "<group>";
		};
		0D1B3D202A7AE0D700152ADE /* Detail */ = {
			isa = PBXGroup;
			children = (
				0D1B3D212A7AE11F00152ADE /* DetailViewController.swift */,
				0D8240412A7AEE9F003A18A8 /* DetailViewControllerDelegate.swift */,
			);
			path = Detail;
			sourceTree = "<group>";
		};
		0D8240492A7B6FFD003A18A8 /* Test */ = {
			isa = PBXGroup;
			children = (
				0D82404A2A7B7007003A18A8 /* TestView.xib */,
			);
			path = Test;
			sourceTree = "<group>";
		};
		6DD5510EA361F5B20A4562A4 /* Pods */ = {
			isa = PBXGroup;
			children = (
				AEA3A7391B474845EBFAD912 /* Pods-PokedexApp.debug.xcconfig */,
				34A96FC96FA9500137D59F4F /* Pods-PokedexApp.release.xcconfig */,
			);
			path = Pods;
			sourceTree = "<group>";
		};
		AEF2E92890CC638B44A37D24 /* Frameworks */ = {
			isa = PBXGroup;
			children = (
				C594A3E20D5CC2930BFE9150 /* Pods_PokedexApp.framework */,
			);
			name = Frameworks;
			sourceTree = "<group>";
		};
/* End PBXGroup section */

/* Begin PBXNativeTarget section */
		0D1B3CD22A7A020700152ADE /* PokedexApp */ = {
			isa = PBXNativeTarget;
			buildConfigurationList = 0D1B3CE72A7A020800152ADE /* Build configuration list for PBXNativeTarget "PokedexApp" */;
			buildPhases = (
				5909A4EC4690DAC4925A54DC /* [CP] Check Pods Manifest.lock */,
				0D1B3CCF2A7A020700152ADE /* Sources */,
				0D1B3CD02A7A020700152ADE /* Frameworks */,
				0D1B3CD12A7A020700152ADE /* Resources */,
				9FD1B13E18B621B294EE5B70 /* [CP] Embed Pods Frameworks */,
			);
			buildRules = (
			);
			dependencies = (
			);
			name = PokedexApp;
			productName = PokedexApp;
			productReference = 0D1B3CD32A7A020700152ADE /* PokedexApp.app */;
			productType = "com.apple.product-type.application";
		};
/* End PBXNativeTarget section */

/* Begin PBXProject section */
		0D1B3CCB2A7A020700152ADE /* Project object */ = {
			isa = PBXProject;
			attributes = {
				BuildIndependentTargetsInParallel = 1;
				LastSwiftUpdateCheck = 1430;
				LastUpgradeCheck = 1430;
				TargetAttributes = {
					0D1B3CD22A7A020700152ADE = {
						CreatedOnToolsVersion = 14.3;
					};
				};
			};
			buildConfigurationList = 0D1B3CCE2A7A020700152ADE /* Build configuration list for PBXProject "PokedexApp" */;
			compatibilityVersion = "Xcode 14.0";
			developmentRegion = en;
			hasScannedForEncodings = 0;
			knownRegions = (
				en,
				Base,
			);
			mainGroup = 0D1B3CCA2A7A020700152ADE;
			productRefGroup = 0D1B3CD42A7A020700152ADE /* Products */;
			projectDirPath = "";
			projectRoot = "";
			targets = (
				0D1B3CD22A7A020700152ADE /* PokedexApp */,
			);
		};
/* End PBXProject section */

/* Begin PBXResourcesBuildPhase section */
		0D1B3CD12A7A020700152ADE /* Resources */ = {
			isa = PBXResourcesBuildPhase;
			buildActionMask = 2147483647;
			files = (
				0D82404D2A7B74F8003A18A8 /* Colors.xcassets in Resources */,
				0D82404B2A7B7007003A18A8 /* TestView.xib in Resources */,
				0D1B3CE32A7A020800152ADE /* LaunchScreen.storyboard in Resources */,
				0D1B3D192A7AB0C400152ADE /* PokemonsCollectionViewCell.xib in Resources */,
				0D1B3CE02A7A020800152ADE /* Assets.xcassets in Resources */,
			);
			runOnlyForDeploymentPostprocessing = 0;
		};
/* End PBXResourcesBuildPhase section */

/* Begin PBXShellScriptBuildPhase section */
		5909A4EC4690DAC4925A54DC /* [CP] Check Pods Manifest.lock */ = {
			isa = PBXShellScriptBuildPhase;
			buildActionMask = 2147483647;
			files = (
			);
			inputFileListPaths = (
			);
			inputPaths = (
				"${PODS_PODFILE_DIR_PATH}/Podfile.lock",
				"${PODS_ROOT}/Manifest.lock",
			);
			name = "[CP] Check Pods Manifest.lock";
			outputFileListPaths = (
			);
			outputPaths = (
				"$(DERIVED_FILE_DIR)/Pods-PokedexApp-checkManifestLockResult.txt",
			);
			runOnlyForDeploymentPostprocessing = 0;
			shellPath = /bin/sh;
			shellScript = "diff \"${PODS_PODFILE_DIR_PATH}/Podfile.lock\" \"${PODS_ROOT}/Manifest.lock\" > /dev/null\nif [ $? != 0 ] ; then\n    # print error to STDERR\n    echo \"error: The sandbox is not in sync with the Podfile.lock. Run 'pod install' or update your CocoaPods installation.\" >&2\n    exit 1\nfi\n# This output is used by Xcode 'outputs' to avoid re-running this script phase.\necho \"SUCCESS\" > \"${SCRIPT_OUTPUT_FILE_0}\"\n";
			showEnvVarsInLog = 0;
		};
		9FD1B13E18B621B294EE5B70 /* [CP] Embed Pods Frameworks */ = {
			isa = PBXShellScriptBuildPhase;
			buildActionMask = 2147483647;
			files = (
			);
			inputFileListPaths = (
				"${PODS_ROOT}/Target Support Files/Pods-PokedexApp/Pods-PokedexApp-frameworks-${CONFIGURATION}-input-files.xcfilelist",
			);
			name = "[CP] Embed Pods Frameworks";
			outputFileListPaths = (
				"${PODS_ROOT}/Target Support Files/Pods-PokedexApp/Pods-PokedexApp-frameworks-${CONFIGURATION}-output-files.xcfilelist",
			);
			runOnlyForDeploymentPostprocessing = 0;
			shellPath = /bin/sh;
			shellScript = "\"${PODS_ROOT}/Target Support Files/Pods-PokedexApp/Pods-PokedexApp-frameworks.sh\"\n";
			showEnvVarsInLog = 0;
		};
/* End PBXShellScriptBuildPhase section */

/* Begin PBXSourcesBuildPhase section */
		0D1B3CCF2A7A020700152ADE /* Sources */ = {
			isa = PBXSourcesBuildPhase;
			buildActionMask = 2147483647;
			files = (
				0D8240402A7AEAC2003A18A8 /* HomeViewControllerDelegate.swift in Sources */,
				0D1B3CF02A7A05BE00152ADE /* ApplicationCoordinator.swift in Sources */,
				0D1B3D102A7AAFD800152ADE /* PokedexResponseModel.swift in Sources */,
				0D1B3D1B2A7AB12A00152ADE /* PokemonsCollectionViewCell.swift in Sources */,
				0D1B3D012A7AAEEE00152ADE /* Extensions.swift in Sources */,
				0D8240462A7B6153003A18A8 /* StatisticsView.swift in Sources */,
				0D1B3D032A7AAF9700152ADE /* HomeViewControllerCollectionDelegate.swift in Sources */,
				0D1B3CEE2A7A058500152ADE /* Coordinator.swift in Sources */,
				0D1B3D222A7AE11F00152ADE /* DetailViewController.swift in Sources */,
				0D1B3D0E2A7AAFD800152ADE /* RegionsResponseModel.swift in Sources */,
				0D8240482A7B643C003A18A8 /* ProgressBarView.swift in Sources */,
				0D1B3D132A7AB02E00152ADE /* HomeViewControllerCollectionDataSource.swift in Sources */,
				0D1B3CF32A7A06A600152ADE /* HomeCoordinator.swift in Sources */,
				0D1B3D1D2A7AC5E000152ADE /* UIViewController+keyboardHandling.swift in Sources */,
				0D1B3CDB2A7A020700152ADE /* ViewController.swift in Sources */,
				0D82403E2A7AE79B003A18A8 /* InfoView.swift in Sources */,
				0D1B3D0C2A7AAFD800152ADE /* RegionsInfoResponseModel.swift in Sources */,
				0D1B3CD72A7A020700152ADE /* AppDelegate.swift in Sources */,
				0D1B3D0D2A7AAFD800152ADE /* PokemonResponse.swift in Sources */,
				0D1B3CFB2A7A076C00152ADE /* BaseViewController.swift in Sources */,
				0D8240422A7AEE9F003A18A8 /* DetailViewControllerDelegate.swift in Sources */,
				0D1B3CFE2A7A1D5D00152ADE /* SearchField.swift in Sources */,
				0D1B3D1F2A7ADDD100152ADE /* NavigationHomeBar.swift in Sources */,
				0D1B3D0F2A7AAFD800152ADE /* HabitatResponseModel.swift in Sources */,
				0D1B3D112A7AAFD800152ADE /* PokemonDetailResponseModel.swift in Sources */,
				0D1B3CF92A7A071D00152ADE /* HomeViewController.swift in Sources */,
				0D8240442A7AF56B003A18A8 /* NavigationDetailBar.swift in Sources */,
			);
			runOnlyForDeploymentPostprocessing = 0;
		};
/* End PBXSourcesBuildPhase section */

/* Begin PBXVariantGroup section */
		0D1B3CE12A7A020800152ADE /* LaunchScreen.storyboard */ = {
			isa = PBXVariantGroup;
			children = (
				0D1B3CE22A7A020800152ADE /* Base */,
			);
			name = LaunchScreen.storyboard;
			sourceTree = "<group>";
		};
/* End PBXVariantGroup section */

/* Begin XCBuildConfiguration section */
		0D1B3CE52A7A020800152ADE /* Debug */ = {
			isa = XCBuildConfiguration;
			buildSettings = {
				ALWAYS_SEARCH_USER_PATHS = NO;
				CLANG_ANALYZER_NONNULL = YES;
				CLANG_ANALYZER_NUMBER_OBJECT_CONVERSION = YES_AGGRESSIVE;
				CLANG_CXX_LANGUAGE_STANDARD = "gnu++20";
				CLANG_ENABLE_MODULES = YES;
				CLANG_ENABLE_OBJC_ARC = YES;
				CLANG_ENABLE_OBJC_WEAK = YES;
				CLANG_WARN_BLOCK_CAPTURE_AUTORELEASING = YES;
				CLANG_WARN_BOOL_CONVERSION = YES;
				CLANG_WARN_COMMA = YES;
				CLANG_WARN_CONSTANT_CONVERSION = YES;
				CLANG_WARN_DEPRECATED_OBJC_IMPLEMENTATIONS = YES;
				CLANG_WARN_DIRECT_OBJC_ISA_USAGE = YES_ERROR;
				CLANG_WARN_DOCUMENTATION_COMMENTS = YES;
				CLANG_WARN_EMPTY_BODY = YES;
				CLANG_WARN_ENUM_CONVERSION = YES;
				CLANG_WARN_INFINITE_RECURSION = YES;
				CLANG_WARN_INT_CONVERSION = YES;
				CLANG_WARN_NON_LITERAL_NULL_CONVERSION = YES;
				CLANG_WARN_OBJC_IMPLICIT_RETAIN_SELF = YES;
				CLANG_WARN_OBJC_LITERAL_CONVERSION = YES;
				CLANG_WARN_OBJC_ROOT_CLASS = YES_ERROR;
				CLANG_WARN_QUOTED_INCLUDE_IN_FRAMEWORK_HEADER = YES;
				CLANG_WARN_RANGE_LOOP_ANALYSIS = YES;
				CLANG_WARN_STRICT_PROTOTYPES = YES;
				CLANG_WARN_SUSPICIOUS_MOVE = YES;
				CLANG_WARN_UNGUARDED_AVAILABILITY = YES_AGGRESSIVE;
				CLANG_WARN_UNREACHABLE_CODE = YES;
				CLANG_WARN__DUPLICATE_METHOD_MATCH = YES;
				COPY_PHASE_STRIP = NO;
				DEBUG_INFORMATION_FORMAT = dwarf;
				ENABLE_STRICT_OBJC_MSGSEND = YES;
				ENABLE_TESTABILITY = YES;
				GCC_C_LANGUAGE_STANDARD = gnu11;
				GCC_DYNAMIC_NO_PIC = NO;
				GCC_NO_COMMON_BLOCKS = YES;
				GCC_OPTIMIZATION_LEVEL = 0;
				GCC_PREPROCESSOR_DEFINITIONS = (
					"DEBUG=1",
					"$(inherited)",
				);
				GCC_WARN_64_TO_32_BIT_CONVERSION = YES;
				GCC_WARN_ABOUT_RETURN_TYPE = YES_ERROR;
				GCC_WARN_UNDECLARED_SELECTOR = YES;
				GCC_WARN_UNINITIALIZED_AUTOS = YES_AGGRESSIVE;
				GCC_WARN_UNUSED_FUNCTION = YES;
				GCC_WARN_UNUSED_VARIABLE = YES;
				IPHONEOS_DEPLOYMENT_TARGET = 16.4;
				MTL_ENABLE_DEBUG_INFO = INCLUDE_SOURCE;
				MTL_FAST_MATH = YES;
				ONLY_ACTIVE_ARCH = YES;
				SDKROOT = iphoneos;
				SWIFT_ACTIVE_COMPILATION_CONDITIONS = DEBUG;
				SWIFT_OPTIMIZATION_LEVEL = "-Onone";
			};
			name = Debug;
		};
		0D1B3CE62A7A020800152ADE /* Release */ = {
			isa = XCBuildConfiguration;
			buildSettings = {
				ALWAYS_SEARCH_USER_PATHS = NO;
				CLANG_ANALYZER_NONNULL = YES;
				CLANG_ANALYZER_NUMBER_OBJECT_CONVERSION = YES_AGGRESSIVE;
				CLANG_CXX_LANGUAGE_STANDARD = "gnu++20";
				CLANG_ENABLE_MODULES = YES;
				CLANG_ENABLE_OBJC_ARC = YES;
				CLANG_ENABLE_OBJC_WEAK = YES;
				CLANG_WARN_BLOCK_CAPTURE_AUTORELEASING = YES;
				CLANG_WARN_BOOL_CONVERSION = YES;
				CLANG_WARN_COMMA = YES;
				CLANG_WARN_CONSTANT_CONVERSION = YES;
				CLANG_WARN_DEPRECATED_OBJC_IMPLEMENTATIONS = YES;
				CLANG_WARN_DIRECT_OBJC_ISA_USAGE = YES_ERROR;
				CLANG_WARN_DOCUMENTATION_COMMENTS = YES;
				CLANG_WARN_EMPTY_BODY = YES;
				CLANG_WARN_ENUM_CONVERSION = YES;
				CLANG_WARN_INFINITE_RECURSION = YES;
				CLANG_WARN_INT_CONVERSION = YES;
				CLANG_WARN_NON_LITERAL_NULL_CONVERSION = YES;
				CLANG_WARN_OBJC_IMPLICIT_RETAIN_SELF = YES;
				CLANG_WARN_OBJC_LITERAL_CONVERSION = YES;
				CLANG_WARN_OBJC_ROOT_CLASS = YES_ERROR;
				CLANG_WARN_QUOTED_INCLUDE_IN_FRAMEWORK_HEADER = YES;
				CLANG_WARN_RANGE_LOOP_ANALYSIS = YES;
				CLANG_WARN_STRICT_PROTOTYPES = YES;
				CLANG_WARN_SUSPICIOUS_MOVE = YES;
				CLANG_WARN_UNGUARDED_AVAILABILITY = YES_AGGRESSIVE;
				CLANG_WARN_UNREACHABLE_CODE = YES;
				CLANG_WARN__DUPLICATE_METHOD_MATCH = YES;
				COPY_PHASE_STRIP = NO;
				DEBUG_INFORMATION_FORMAT = "dwarf-with-dsym";
				ENABLE_NS_ASSERTIONS = NO;
				ENABLE_STRICT_OBJC_MSGSEND = YES;
				GCC_C_LANGUAGE_STANDARD = gnu11;
				GCC_NO_COMMON_BLOCKS = YES;
				GCC_WARN_64_TO_32_BIT_CONVERSION = YES;
				GCC_WARN_ABOUT_RETURN_TYPE = YES_ERROR;
				GCC_WARN_UNDECLARED_SELECTOR = YES;
				GCC_WARN_UNINITIALIZED_AUTOS = YES_AGGRESSIVE;
				GCC_WARN_UNUSED_FUNCTION = YES;
				GCC_WARN_UNUSED_VARIABLE = YES;
				IPHONEOS_DEPLOYMENT_TARGET = 16.4;
				MTL_ENABLE_DEBUG_INFO = NO;
				MTL_FAST_MATH = YES;
				SDKROOT = iphoneos;
				SWIFT_COMPILATION_MODE = wholemodule;
				SWIFT_OPTIMIZATION_LEVEL = "-O";
				VALIDATE_PRODUCT = YES;
			};
			name = Release;
		};
		0D1B3CE82A7A020800152ADE /* Debug */ = {
			isa = XCBuildConfiguration;
			baseConfigurationReference = AEA3A7391B474845EBFAD912 /* Pods-PokedexApp.debug.xcconfig */;
			buildSettings = {
				ASSETCATALOG_COMPILER_APPICON_NAME = AppIcon;
				ASSETCATALOG_COMPILER_GLOBAL_ACCENT_COLOR_NAME = AccentColor;
				CODE_SIGN_STYLE = Automatic;
				CURRENT_PROJECT_VERSION = 1;
				GENERATE_INFOPLIST_FILE = YES;
				INFOPLIST_FILE = PokedexApp/Info.plist;
				INFOPLIST_KEY_UIApplicationSupportsIndirectInputEvents = YES;
				INFOPLIST_KEY_UILaunchStoryboardName = LaunchScreen.storyboard;
				INFOPLIST_KEY_UIMainStoryboardFile = LaunchScreen;
				INFOPLIST_KEY_UISupportedInterfaceOrientations_iPhone = "UIInterfaceOrientationPortrait UIInterfaceOrientationLandscapeLeft UIInterfaceOrientationLandscapeRight";
				IPHONEOS_DEPLOYMENT_TARGET = 13.0;
				LD_RUNPATH_SEARCH_PATHS = (
					"$(inherited)",
					"@executable_path/Frameworks",
				);
				MARKETING_VERSION = 1.0;
				PRODUCT_BUNDLE_IDENTIFIER = bc.PokedexApp;
				PRODUCT_NAME = "$(TARGET_NAME)";
				SUPPORTED_PLATFORMS = "iphoneos iphonesimulator";
				SUPPORTS_MACCATALYST = NO;
				SUPPORTS_MAC_DESIGNED_FOR_IPHONE_IPAD = NO;
				SWIFT_EMIT_LOC_STRINGS = YES;
				SWIFT_VERSION = 5.0;
				TARGETED_DEVICE_FAMILY = 1;
			};
			name = Debug;
		};
		0D1B3CE92A7A020800152ADE /* Release */ = {
			isa = XCBuildConfiguration;
			baseConfigurationReference = 34A96FC96FA9500137D59F4F /* Pods-PokedexApp.release.xcconfig */;
			buildSettings = {
				ASSETCATALOG_COMPILER_APPICON_NAME = AppIcon;
				ASSETCATALOG_COMPILER_GLOBAL_ACCENT_COLOR_NAME = AccentColor;
				CODE_SIGN_STYLE = Automatic;
				CURRENT_PROJECT_VERSION = 1;
				GENERATE_INFOPLIST_FILE = YES;
				INFOPLIST_FILE = PokedexApp/Info.plist;
				INFOPLIST_KEY_UIApplicationSupportsIndirectInputEvents = YES;
				INFOPLIST_KEY_UILaunchStoryboardName = LaunchScreen.storyboard;
				INFOPLIST_KEY_UIMainStoryboardFile = LaunchScreen;
				INFOPLIST_KEY_UISupportedInterfaceOrientations_iPhone = "UIInterfaceOrientationPortrait UIInterfaceOrientationLandscapeLeft UIInterfaceOrientationLandscapeRight";
				IPHONEOS_DEPLOYMENT_TARGET = 13.0;
				LD_RUNPATH_SEARCH_PATHS = (
					"$(inherited)",
					"@executable_path/Frameworks",
				);
				MARKETING_VERSION = 1.0;
				PRODUCT_BUNDLE_IDENTIFIER = bc.PokedexApp;
				PRODUCT_NAME = "$(TARGET_NAME)";
				SUPPORTED_PLATFORMS = "iphoneos iphonesimulator";
				SUPPORTS_MACCATALYST = NO;
				SUPPORTS_MAC_DESIGNED_FOR_IPHONE_IPAD = NO;
				SWIFT_EMIT_LOC_STRINGS = YES;
				SWIFT_VERSION = 5.0;
				TARGETED_DEVICE_FAMILY = 1;
			};
			name = Release;
		};
/* End XCBuildConfiguration section */

/* Begin XCConfigurationList section */
		0D1B3CCE2A7A020700152ADE /* Build configuration list for PBXProject "PokedexApp" */ = {
			isa = XCConfigurationList;
			buildConfigurations = (
				0D1B3CE52A7A020800152ADE /* Debug */,
				0D1B3CE62A7A020800152ADE /* Release */,
			);
			defaultConfigurationIsVisible = 0;
			defaultConfigurationName = Release;
		};
		0D1B3CE72A7A020800152ADE /* Build configuration list for PBXNativeTarget "PokedexApp" */ = {
			isa = XCConfigurationList;
			buildConfigurations = (
				0D1B3CE82A7A020800152ADE /* Debug */,
				0D1B3CE92A7A020800152ADE /* Release */,
			);
			defaultConfigurationIsVisible = 0;
			defaultConfigurationName = Release;
		};
/* End XCConfigurationList section */
	};
	rootObject = 0D1B3CCB2A7A020700152ADE /* Project object */;
}
